
Microsoft Visual Studio Solution File, Format Version 12.00
# Visual Studio Version 17
VisualStudioVersion = 17.0.31903.59
MinimumVisualStudioVersion = 10.0.40219.1
Project("{2150E333-8FDC-42A3-9474-1A3956D46DE8}") = "src", "src", "{D0F3342E-7EBA-4354-9901-FCE5CB274B90}"
EndProject
Project("{FAE04EC0-301F-11D3-BF4B-00C04F79EFBC}") = "PeikkoPrecastWallDesigner.Domain", "src\PeikkoPrecastWallDesigner.Domain\PeikkoPrecastWallDesigner.Domain.csproj", "{132DAA59-DA3F-4AA2-BF61-33A71FE5D70A}"
EndProject
Project("{FAE04EC0-301F-11D3-BF4B-00C04F79EFBC}") = "PeikkoPrecastWallDesigner.Application", "src\PeikkoPrecastWallDesigner.Application\PeikkoPrecastWallDesigner.Application.csproj", "{F89FDE64-B70F-438B-820B-31756DE1733F}"
EndProject
Project("{FAE04EC0-301F-11D3-BF4B-00C04F79EFBC}") = "PeikkoPrecastWallDesigner.Infrastructure", "src\PeikkoPrecastWallDesigner.Infrastructure\PeikkoPrecastWallDesigner.Infrastructure.csproj", "{37F4CD7B-018D-4764-B987-D48DCAE46C95}"
EndProject
Project("{FAE04EC0-301F-11D3-BF4B-00C04F79EFBC}") = "PeikkoPrecastWallDesigner.Api", "src\PeikkoPrecastWallDesigner.Api\PeikkoPrecastWallDesigner.Api.csproj", "{49FFB9B5-9871-465D-A897-DD0F927812BD}"
EndProject
Project("{FAE04EC0-301F-11D3-BF4B-00C04F79EFBC}") = "PeikkoPrecastWallDesigner.UnitTests", "src\PeikkoPrecastWallDesigner.UnitTests\PeikkoPrecastWallDesigner.UnitTests.csproj", "{A063DDD7-FACF-4059-8BE7-B117EB8B796E}"
EndProject
Project("{FAE04EC0-301F-11D3-BF4B-00C04F79EFBC}") = "PeikkoPrecastWallDesigner.Background", "src\PeikkoPrecastWallDesigner.Background\PeikkoPrecastWallDesigner.Background.csproj", "{AC591253-B35A-43C7-9131-285F8708899B}"
EndProject
Global
	GlobalSection(SolutionConfigurationPlatforms) = preSolution
		Debug|Any CPU = Debug|Any CPU
		Release|Any CPU = Release|Any CPU
	EndGlobalSection
	GlobalSection(ProjectConfigurationPlatforms) = postSolution
		{132DAA59-DA3F-4AA2-BF61-33A71FE5D70A}.Debug|Any CPU.ActiveCfg = Debug|Any CPU
		{132DAA59-DA3F-4AA2-BF61-33A71FE5D70A}.Debug|Any CPU.Build.0 = Debug|Any CPU
		{132DAA59-DA3F-4AA2-BF61-33A71FE5D70A}.Release|Any CPU.ActiveCfg = Release|Any CPU
		{132DAA59-DA3F-4AA2-BF61-33A71FE5D70A}.Release|Any CPU.Build.0 = Release|Any CPU
		{F89FDE64-B70F-438B-820B-31756DE1733F}.Debug|Any CPU.ActiveCfg = Debug|Any CPU
		{F89FDE64-B70F-438B-820B-31756DE1733F}.Debug|Any CPU.Build.0 = Debug|Any CPU
		{F89FDE64-B70F-438B-820B-31756DE1733F}.Release|Any CPU.ActiveCfg = Release|Any CPU
		{F89FDE64-B70F-438B-820B-31756DE1733F}.Release|Any CPU.Build.0 = Release|Any CPU
		{37F4CD7B-018D-4764-B987-D48DCAE46C95}.Debug|Any CPU.ActiveCfg = Debug|Any CPU
		{37F4CD7B-018D-4764-B987-D48DCAE46C95}.Debug|Any CPU.Build.0 = Debug|Any CPU
		{37F4CD7B-018D-4764-B987-D48DCAE46C95}.Release|Any CPU.ActiveCfg = Release|Any CPU
		{37F4CD7B-018D-4764-B987-D48DCAE46C95}.Release|Any CPU.Build.0 = Release|Any CPU
		{49FFB9B5-9871-465D-A897-DD0F927812BD}.Debug|Any CPU.ActiveCfg = Debug|Any CPU
		{49FFB9B5-9871-465D-A897-DD0F927812BD}.Debug|Any CPU.Build.0 = Debug|Any CPU
		{49FFB9B5-9871-465D-A897-DD0F927812BD}.Release|Any CPU.ActiveCfg = Release|Any CPU
		{49FFB9B5-9871-465D-A897-DD0F927812BD}.Release|Any CPU.Build.0 = Release|Any CPU
		{A063DDD7-FACF-4059-8BE7-B117EB8B796E}.Debug|Any CPU.ActiveCfg = Debug|Any CPU
		{A063DDD7-FACF-4059-8BE7-B117EB8B796E}.Debug|Any CPU.Build.0 = Debug|Any CPU
		{A063DDD7-FACF-4059-8BE7-B117EB8B796E}.Release|Any CPU.ActiveCfg = Release|Any CPU
		{A063DDD7-FACF-4059-8BE7-B117EB8B796E}.Release|Any CPU.Build.0 = Release|Any CPU
		{AC591253-B35A-43C7-9131-285F8708899B}.Debug|Any CPU.ActiveCfg = Debug|Any CPU
		{AC591253-B35A-43C7-9131-285F8708899B}.Debug|Any CPU.Build.0 = Debug|Any CPU
		{AC591253-B35A-43C7-9131-285F8708899B}.Release|Any CPU.ActiveCfg = Release|Any CPU
		{AC591253-B35A-43C7-9131-285F8708899B}.Release|Any CPU.Build.0 = Release|Any CPU
	EndGlobalSection
	GlobalSection(SolutionProperties) = preSolution
		HideSolutionNode = FALSE
	EndGlobalSection
	GlobalSection(NestedProjects) = preSolution
		{132DAA59-DA3F-4AA2-BF61-33A71FE5D70A} = {D0F3342E-7EBA-4354-9901-FCE5CB274B90}
		{F89FDE64-B70F-438B-820B-31756DE1733F} = {D0F3342E-7EBA-4354-9901-FCE5CB274B90}
		{37F4CD7B-018D-4764-B987-D48DCAE46C95} = {D0F3342E-7EBA-4354-9901-FCE5CB274B90}
		{49FFB9B5-9871-465D-A897-DD0F927812BD} = {D0F3342E-7EBA-4354-9901-FCE5CB274B90}
		{A063DDD7-FACF-4059-8BE7-B117EB8B796E} = {D0F3342E-7EBA-4354-9901-FCE5CB274B90}
		{AC591253-B35A-43C7-9131-285F8708899B} = {D0F3342E-7EBA-4354-9901-FCE5CB274B90}
	EndGlobalSection
EndGlobal
