
Microsoft Visual Studio Solution File, Format Version 12.00
# Visual Studio Version 17
VisualStudioVersion = 17.5.002.0
MinimumVisualStudioVersion = 10.0.40219.1
Project("{9A19103F-16F7-4668-BE54-9A1E7A4F7556}") = "PeikkoPrecastWallDesigner.UnitTests", "PeikkoPrecastWallDesigner.UnitTests.csproj", "{5197A63D-7F62-4E86-8540-36CA7E29FFEA}"
EndProject
Global
	GlobalSection(SolutionConfigurationPlatforms) = preSolution
		Debug|Any CPU = Debug|Any CPU
		Release|Any CPU = Release|Any CPU
	EndGlobalSection
	GlobalSection(ProjectConfigurationPlatforms) = postSolution
		{5197A63D-7F62-4E86-8540-36CA7E29FFEA}.Debug|Any CPU.ActiveCfg = Debug|Any CPU
		{5197A63D-7F62-4E86-8540-36CA7E29FFEA}.Debug|Any CPU.Build.0 = Debug|Any CPU
		{5197A63D-7F62-4E86-8540-36CA7E29FFEA}.Release|Any CPU.ActiveCfg = Release|Any CPU
		{5197A63D-7F62-4E86-8540-36CA7E29FFEA}.Release|Any CPU.Build.0 = Release|Any CPU
	EndGlobalSection
	GlobalSection(SolutionProperties) = preSolution
		HideSolutionNode = FALSE
	EndGlobalSection
	GlobalSection(ExtensibilityGlobals) = postSolution
		SolutionGuid = {A1F3A851-9CC9-4196-B6FE-89128AE856B4}
	EndGlobalSection
EndGlobal
